
Microsoft Visual Studio Solution File, Format Version 12.00
# Visual Studio Version 16
VisualStudioVersion = 16.0.30114.105
MinimumVisualStudioVersion = 10.0.40219.1
Project("{FAE04EC0-301F-11D3-BF4B-00C04F79EFBC}") = "ControleAcademia", "ControleAcademia\ControleAcademia.csproj", "{0D93AEA3-5B3E-449B-BCC2-0357BB622AA4}"
EndProject
Global
	GlobalSection(SolutionConfigurationPlatforms) = preSolution
		Debug|Any CPU = Debug|Any CPU
		Release|Any CPU = Release|Any CPU
	EndGlobalSection
	GlobalSection(ProjectConfigurationPlatforms) = postSolution
		{0D93AEA3-5B3E-449B-BCC2-0357BB622AA4}.Debug|Any CPU.ActiveCfg = Debug|Any CPU
		{0D93AEA3-5B3E-449B-BCC2-0357BB622AA4}.Debug|Any CPU.Build.0 = Debug|Any CPU
		{0D93AEA3-5B3E-449B-BCC2-0357BB622AA4}.Release|Any CPU.ActiveCfg = Release|Any CPU
		{0D93AEA3-5B3E-449B-BCC2-0357BB622AA4}.Release|Any CPU.Build.0 = Release|Any CPU
	EndGlobalSection
	GlobalSection(SolutionProperties) = preSolution
		HideSolutionNode = FALSE
	EndGlobalSection
	GlobalSection(ExtensibilityGlobals) = postSolution
		SolutionGuid = {618058CF-BA50-4EE8-A2CF-8805C8491904}
	EndGlobalSection
EndGlobal
